{
  "requires": true,
  "lockfileVersion": 1,
  "dependencies": {
    "hamburgers": {
      "version": "1.1.3",
      "resolved": "https://registry.npmjs.org/hamburgers/-/hamburgers-1.1.3.tgz",
      "integrity": "sha512-qpfnJwZq6ATAGJEriwuyfVNgT++GG+o+3bBfPYF7F3WY452cYKbaYGUuqwhp+3kHLI6CL4VIBfj8bfbp90Lp1A=="
    },
    "js-image-zoom": {
      "version": "0.7.0",
      "resolved": "https://registry.npmjs.org/js-image-zoom/-/js-image-zoom-0.7.0.tgz",
      "integrity": "sha512-csvn2FmRLjVz5O9AtXGRPKy0Khfcf5n2Vuyg1NyOVylcjzJ6IKN60JmZ/d5rVQvMya9V6tqAaCqj/c20PlUYpQ=="
    },
    "simple-icons": {
      "version": "5.9.0",
      "resolved": "https://registry.npmjs.org/simple-icons/-/simple-icons-5.9.0.tgz",
      "integrity": "sha512-L6sHzUQkMYTTvFTcVxxkI+uoL2MSbM/yQ7rTEcv9V4crzO/2Yn5dyJAJV1kJV+NIMfnIxLMAAN3UwGaivehpVw=="
    },
    "wow.js": {
      "version": "1.2.2",
      "resolved": "https://registry.npmjs.org/wow.js/-/wow.js-1.2.2.tgz",
      "integrity": "sha1-JHUZsKNCMZsaY+Iq6prOwanqV/U="
    }
  }
}
